
Microsoft Visual Studio Solution File, Format Version 12.00
# Visual Studio Version 16
VisualStudioVersion = 16.0.31515.178
MinimumVisualStudioVersion = 10.0.40219.1
Project("{FAE04EC0-301F-11D3-BF4B-00C04F79EFBC}") = "AuthService", "AuthService.csproj", "{7B361524-0C91-4607-96EC-29EA46D47D3A}"
EndProject
Global
	GlobalSection(SolutionConfigurationPlatforms) = preSolution
		Debug|Any CPU = Debug|Any CPU
		Release|Any CPU = Release|Any CPU
	EndGlobalSection
	GlobalSection(ProjectConfigurationPlatforms) = postSolution
		{7B361524-0C91-4607-96EC-29EA46D47D3A}.Debug|Any CPU.ActiveCfg = Debug|Any CPU
		{7B361524-0C91-4607-96EC-29EA46D47D3A}.Debug|Any CPU.Build.0 = Debug|Any CPU
		{7B361524-0C91-4607-96EC-29EA46D47D3A}.Release|Any CPU.ActiveCfg = Release|Any CPU
		{7B361524-0C91-4607-96EC-29EA46D47D3A}.Release|Any CPU.Build.0 = Release|Any CPU
	EndGlobalSection
	GlobalSection(SolutionProperties) = preSolution
		HideSolutionNode = FALSE
	EndGlobalSection
	GlobalSection(ExtensibilityGlobals) = postSolution
		SolutionGuid = {2FE702BA-58DE-45FE-A0B9-B788953A4E29}
	EndGlobalSection
EndGlobal
